// !$*UTF8*$!
{
	archiveVersion = 1;
	classes = {
	};
	objectVersion = 45;
	objects = {

/* Begin PBXBuildFile section */
		1D3623260D0F684500981E51 /* timeFlowAppDelegate.m in Sources */ = {isa = PBXBuildFile; fileRef = 1D3623250D0F684500981E51 /* timeFlowAppDelegate.m */; };
		1D60589B0D05DD56006BFB54 /* main.m in Sources */ = {isa = PBXBuildFile; fileRef = 29B97316FDCFA39411CA2CEA /* main.m */; };
		1D60589F0D05DD5A006BFB54 /* Foundation.framework in Frameworks */ = {isa = PBXBuildFile; fileRef = 1D30AB110D05D00D00671497 /* Foundation.framework */; };
		1DF5F4E00D08C38300B7A737 /* UIKit.framework in Frameworks */ = {isa = PBXBuildFile; fileRef = 1DF5F4DF0D08C38300B7A737 /* UIKit.framework */; };
		288765A50DF7441C002DB57D /* CoreGraphics.framework in Frameworks */ = {isa = PBXBuildFile; fileRef = 288765A40DF7441C002DB57D /* CoreGraphics.framework */; };
		2899E5220DE3E06400AC0155 /* timeFlowViewController.xib in Resources */ = {isa = PBXBuildFile; fileRef = 2899E5210DE3E06400AC0155 /* timeFlowViewController.xib */; };
		28AD733F0D9D9553002E5188 /* MainWindow.xib in Resources */ = {isa = PBXBuildFile; fileRef = 28AD733E0D9D9553002E5188 /* MainWindow.xib */; };
		3B112DEA120227C300478454 /* NUBICTimerBar.m in Sources */ = {isa = PBXBuildFile; fileRef = 3B112DE9120227C300478454 /* NUBICTimerBar.m */; };
		3B49CE6111ECF63E0041CE70 /* timeFlowViewController.m in Sources */ = {isa = PBXBuildFile; fileRef = 3B49CE6011ECF63E0041CE70 /* timeFlowViewController.m */; };
		3B564A1A1200696F00ABF53F /* setupDetailViewController.m in Sources */ = {isa = PBXBuildFile; fileRef = 3B564A181200696F00ABF53F /* setupDetailViewController.m */; };
		3B564CB31200D9F800ABF53F /* timer.png in Resources */ = {isa = PBXBuildFile; fileRef = 3B564CB21200D9F800ABF53F /* timer.png */; };
		3B564CDE1200DFDF00ABF53F /* gear.png in Resources */ = {isa = PBXBuildFile; fileRef = 3B564CDD1200DFDF00ABF53F /* gear.png */; };
		3B564CE51200E04700ABF53F /* Icon-72.png in Resources */ = {isa = PBXBuildFile; fileRef = 3B564CE41200E04700ABF53F /* Icon-72.png */; };
		3B7D936C11FE1F590064BABF /* setupRootViewController.m in Sources */ = {isa = PBXBuildFile; fileRef = 3B7D936B11FE1F590064BABF /* setupRootViewController.m */; };
		3B7D939011FE20C30064BABF /* CoreData.framework in Frameworks */ = {isa = PBXBuildFile; fileRef = 3B7D938F11FE20C30064BABF /* CoreData.framework */; };
		3B7D93CC11FE233B0064BABF /* coredataproject.xcdatamodeld in Sources */ = {isa = PBXBuildFile; fileRef = 3B7D93CB11FE233B0064BABF /* coredataproject.xcdatamodeld */; };
		3B91F49A120B14B900C1A066 /* v1-v2.xcmappingmodel in Sources */ = {isa = PBXBuildFile; fileRef = 3B91F469120B139800C1A066 /* v1-v2.xcmappingmodel */; };
		3B98DC1411FF2E76002D6B88 /* itemInputController.m in Sources */ = {isa = PBXBuildFile; fileRef = 3B98DC1211FF2E76002D6B88 /* itemInputController.m */; };
		3B98DC1511FF2E76002D6B88 /* itemInputController.xib in Resources */ = {isa = PBXBuildFile; fileRef = 3B98DC1311FF2E76002D6B88 /* itemInputController.xib */; };
		3BB9C0991207760A0082A194 /* LogViewController.m in Sources */ = {isa = PBXBuildFile; fileRef = 3BB9C0981207760A0082A194 /* LogViewController.m */; };
		3BBC9E3712085DC4003E4830 /* QuartzCore.framework in Frameworks */ = {isa = PBXBuildFile; fileRef = 3BBC9E3612085DC4003E4830 /* QuartzCore.framework */; };
		3BE4BBAA12089BCA0043A228 /* log.png in Resources */ = {isa = PBXBuildFile; fileRef = 3BE4BBA912089BCA0043A228 /* log.png */; };
		3BF2436511EF76F300016791 /* blueBlackSegment.png in Resources */ = {isa = PBXBuildFile; fileRef = 3BF2436311EF76F300016791 /* blueBlackSegment.png */; };
		3BF2436611EF76F300016791 /* grayBlackSegment.png in Resources */ = {isa = PBXBuildFile; fileRef = 3BF2436411EF76F300016791 /* grayBlackSegment.png */; };
		3BF243CD11EFB24000016791 /* NUBICSelectableTimerButton.m in Sources */ = {isa = PBXBuildFile; fileRef = 3BF243CC11EFB24000016791 /* NUBICSelectableTimerButton.m */; };
/* End PBXBuildFile section */

/* Begin PBXFileReference section */
		1D30AB110D05D00D00671497 /* Foundation.framework */ = {isa = PBXFileReference; lastKnownFileType = wrapper.framework; name = Foundation.framework; path = System/Library/Frameworks/Foundation.framework; sourceTree = SDKROOT; };
		1D3623240D0F684500981E51 /* timeFlowAppDelegate.h */ = {isa = PBXFileReference; fileEncoding = 4; lastKnownFileType = sourcecode.c.h; path = timeFlowAppDelegate.h; sourceTree = "<group>"; };
		1D3623250D0F684500981E51 /* timeFlowAppDelegate.m */ = {isa = PBXFileReference; fileEncoding = 4; lastKnownFileType = sourcecode.c.objc; path = timeFlowAppDelegate.m; sourceTree = "<group>"; };
		1D6058910D05DD3D006BFB54 /* timeFlow.app */ = {isa = PBXFileReference; explicitFileType = wrapper.application; includeInIndex = 0; path = timeFlow.app; sourceTree = BUILT_PRODUCTS_DIR; };
		1DF5F4DF0D08C38300B7A737 /* UIKit.framework */ = {isa = PBXFileReference; lastKnownFileType = wrapper.framework; name = UIKit.framework; path = System/Library/Frameworks/UIKit.framework; sourceTree = SDKROOT; };
		288765A40DF7441C002DB57D /* CoreGraphics.framework */ = {isa = PBXFileReference; lastKnownFileType = wrapper.framework; name = CoreGraphics.framework; path = System/Library/Frameworks/CoreGraphics.framework; sourceTree = SDKROOT; };
		2899E5210DE3E06400AC0155 /* timeFlowViewController.xib */ = {isa = PBXFileReference; lastKnownFileType = file.xib; path = timeFlowViewController.xib; sourceTree = "<group>"; };
		28AD733E0D9D9553002E5188 /* MainWindow.xib */ = {isa = PBXFileReference; lastKnownFileType = file.xib; path = MainWindow.xib; sourceTree = "<group>"; };
		28D7ACF60DDB3853001CB0EB /* timeFlowViewController.h */ = {isa = PBXFileReference; fileEncoding = 4; lastKnownFileType = sourcecode.c.h; path = timeFlowViewController.h; sourceTree = "<group>"; };
		29B97316FDCFA39411CA2CEA /* main.m */ = {isa = PBXFileReference; fileEncoding = 4; lastKnownFileType = sourcecode.c.objc; path = main.m; sourceTree = "<group>"; };
		32CA4F630368D1EE00C91783 /* timeFlow_Prefix.pch */ = {isa = PBXFileReference; fileEncoding = 4; lastKnownFileType = sourcecode.c.h; path = timeFlow_Prefix.pch; sourceTree = "<group>"; };
		3B112DE8120227C300478454 /* NUBICTimerBar.h */ = {isa = PBXFileReference; fileEncoding = 4; lastKnownFileType = sourcecode.c.h; name = NUBICTimerBar.h; path = Classes/NUBICTimerBar.h; sourceTree = "<group>"; };
		3B112DE9120227C300478454 /* NUBICTimerBar.m */ = {isa = PBXFileReference; fileEncoding = 4; lastKnownFileType = sourcecode.c.objc; name = NUBICTimerBar.m; path = Classes/NUBICTimerBar.m; sourceTree = "<group>"; };
		3B49CE6011ECF63E0041CE70 /* timeFlowViewController.m */ = {isa = PBXFileReference; fileEncoding = 4; lastKnownFileType = sourcecode.c.objc; path = timeFlowViewController.m; sourceTree = "<group>"; };
		3B564A171200696F00ABF53F /* setupDetailViewController.h */ = {isa = PBXFileReference; fileEncoding = 4; lastKnownFileType = sourcecode.c.h; path = setupDetailViewController.h; sourceTree = "<group>"; };
		3B564A181200696F00ABF53F /* setupDetailViewController.m */ = {isa = PBXFileReference; fileEncoding = 4; lastKnownFileType = sourcecode.c.objc; path = setupDetailViewController.m; sourceTree = "<group>"; };
		3B564CB21200D9F800ABF53F /* timer.png */ = {isa = PBXFileReference; lastKnownFileType = image.png; path = timer.png; sourceTree = "<group>"; };
		3B564CDD1200DFDF00ABF53F /* gear.png */ = {isa = PBXFileReference; lastKnownFileType = image.png; path = gear.png; sourceTree = "<group>"; };
		3B564CE41200E04700ABF53F /* Icon-72.png */ = {isa = PBXFileReference; lastKnownFileType = image.png; path = "Icon-72.png"; sourceTree = "<group>"; };
		3B7D936A11FE1F590064BABF /* setupRootViewController.h */ = {isa = PBXFileReference; fileEncoding = 4; lastKnownFileType = sourcecode.c.h; path = setupRootViewController.h; sourceTree = "<group>"; };
		3B7D936B11FE1F590064BABF /* setupRootViewController.m */ = {isa = PBXFileReference; fileEncoding = 4; lastKnownFileType = sourcecode.c.objc; path = setupRootViewController.m; sourceTree = "<group>"; };
		3B7D938F11FE20C30064BABF /* CoreData.framework */ = {isa = PBXFileReference; lastKnownFileType = wrapper.framework; name = CoreData.framework; path = System/Library/Frameworks/CoreData.framework; sourceTree = SDKROOT; };
		3B7D93C311FE22940064BABF /* coredataproject.xcdatamodel */ = {isa = PBXFileReference; fileEncoding = 4; lastKnownFileType = wrapper.xcdatamodel; path = coredataproject.xcdatamodel; sourceTree = "<group>"; };
		3B91F466120B135800C1A066 /* v2.coredataproject.xcdatamodel */ = {isa = PBXFileReference; lastKnownFileType = wrapper.xcdatamodel; path = v2.coredataproject.xcdatamodel; sourceTree = "<group>"; };
		3B91F469120B139800C1A066 /* v1-v2.xcmappingmodel */ = {isa = PBXFileReference; fileEncoding = 4; lastKnownFileType = wrapper.xcmappingmodel; path = "v1-v2.xcmappingmodel"; sourceTree = "<group>"; };
		3B98DC1111FF2E76002D6B88 /* itemInputController.h */ = {isa = PBXFileReference; fileEncoding = 4; lastKnownFileType = sourcecode.c.h; path = itemInputController.h; sourceTree = "<group>"; };
		3B98DC1211FF2E76002D6B88 /* itemInputController.m */ = {isa = PBXFileReference; fileEncoding = 4; lastKnownFileType = sourcecode.c.objc; path = itemInputController.m; sourceTree = "<group>"; };
		3B98DC1311FF2E76002D6B88 /* itemInputController.xib */ = {isa = PBXFileReference; lastKnownFileType = file.xib; name = itemInputController.xib; path = Classes/itemInputController.xib; sourceTree = "<group>"; };
		3BB9C0971207760A0082A194 /* LogViewController.h */ = {isa = PBXFileReference; fileEncoding = 4; lastKnownFileType = sourcecode.c.h; path = LogViewController.h; sourceTree = "<group>"; };
		3BB9C0981207760A0082A194 /* LogViewController.m */ = {isa = PBXFileReference; fileEncoding = 4; lastKnownFileType = sourcecode.c.objc; path = LogViewController.m; sourceTree = "<group>"; };
		3BBC9E3612085DC4003E4830 /* QuartzCore.framework */ = {isa = PBXFileReference; lastKnownFileType = wrapper.framework; name = QuartzCore.framework; path = System/Library/Frameworks/QuartzCore.framework; sourceTree = SDKROOT; };
		3BE4BBA912089BCA0043A228 /* log.png */ = {isa = PBXFileReference; lastKnownFileType = image.png; path = log.png; sourceTree = "<group>"; };
		3BF2436311EF76F300016791 /* blueBlackSegment.png */ = {isa = PBXFileReference; lastKnownFileType = image.png; path = blueBlackSegment.png; sourceTree = "<group>"; };
		3BF2436411EF76F300016791 /* grayBlackSegment.png */ = {isa = PBXFileReference; lastKnownFileType = image.png; path = grayBlackSegment.png; sourceTree = "<group>"; };
		3BF243CB11EFB24000016791 /* NUBICSelectableTimerButton.h */ = {isa = PBXFileReference; fileEncoding = 4; lastKnownFileType = sourcecode.c.h; name = NUBICSelectableTimerButton.h; path = Classes/NUBICSelectableTimerButton.h; sourceTree = "<group>"; };
		3BF243CC11EFB24000016791 /* NUBICSelectableTimerButton.m */ = {isa = PBXFileReference; fileEncoding = 4; lastKnownFileType = sourcecode.c.objc; name = NUBICSelectableTimerButton.m; path = Classes/NUBICSelectableTimerButton.m; sourceTree = "<group>"; };
		8D1107310486CEB800E47090 /* timeFlow-Info.plist */ = {isa = PBXFileReference; fileEncoding = 4; lastKnownFileType = text.plist.xml; path = "timeFlow-Info.plist"; plistStructureDefinitionIdentifier = "com.apple.xcode.plist.structure-definition.iphone.info-plist"; sourceTree = "<group>"; };
/* End PBXFileReference section */

/* Begin PBXFrameworksBuildPhase section */
		1D60588F0D05DD3D006BFB54 /* Frameworks */ = {
			isa = PBXFrameworksBuildPhase;
			buildActionMask = 2147483647;
			files = (
				1D60589F0D05DD5A006BFB54 /* Foundation.framework in Frameworks */,
				1DF5F4E00D08C38300B7A737 /* UIKit.framework in Frameworks */,
				288765A50DF7441C002DB57D /* CoreGraphics.framework in Frameworks */,
				3B7D939011FE20C30064BABF /* CoreData.framework in Frameworks */,
				3BBC9E3712085DC4003E4830 /* QuartzCore.framework in Frameworks */,
			);
			runOnlyForDeploymentPostprocessing = 0;
		};
/* End PBXFrameworksBuildPhase section */

/* Begin PBXGroup section */
		080E96DDFE201D6D7F000001 /* Classes */ = {
			isa = PBXGroup;
			children = (
				1D3623240D0F684500981E51 /* timeFlowAppDelegate.h */,
				1D3623250D0F684500981E51 /* timeFlowAppDelegate.m */,
				3BE4BBCF12089D6D0043A228 /* Timers */,
				3BE4BBD012089D7C0043A228 /* Setup */,
				3BE4BBDB12089D930043A228 /* Log */,
				3BB9BF9C12073E500082A194 /* NUBIC Models */,
			);
			path = Classes;
			sourceTree = "<group>";
		};
		19C28FACFE9D520D11CA2CBB /* Products */ = {
			isa = PBXGroup;
			children = (
				1D6058910D05DD3D006BFB54 /* timeFlow.app */,
			);
			name = Products;
			sourceTree = "<group>";
		};
		29B97314FDCFA39411CA2CEA /* CustomTemplate */ = {
			isa = PBXGroup;
			children = (
				080E96DDFE201D6D7F000001 /* Classes */,
				29B97315FDCFA39411CA2CEA /* Other Sources */,
				29B97317FDCFA39411CA2CEA /* Resources */,
				29B97323FDCFA39411CA2CEA /* Frameworks */,
				19C28FACFE9D520D11CA2CBB /* Products */,
			);
			name = CustomTemplate;
			sourceTree = "<group>";
		};
		29B97315FDCFA39411CA2CEA /* Other Sources */ = {
			isa = PBXGroup;
			children = (
				32CA4F630368D1EE00C91783 /* timeFlow_Prefix.pch */,
				29B97316FDCFA39411CA2CEA /* main.m */,
			);
			name = "Other Sources";
			sourceTree = "<group>";
		};
		29B97317FDCFA39411CA2CEA /* Resources */ = {
			isa = PBXGroup;
			children = (
				3B7D93CB11FE233B0064BABF /* coredataproject.xcdatamodeld */,
				3B564CE41200E04700ABF53F /* Icon-72.png */,
				3BF2436311EF76F300016791 /* blueBlackSegment.png */,
				3BF2436411EF76F300016791 /* grayBlackSegment.png */,
				3B564CDD1200DFDF00ABF53F /* gear.png */,
				3B564CB21200D9F800ABF53F /* timer.png */,
				3BE4BBA912089BCA0043A228 /* log.png */,
				2899E5210DE3E06400AC0155 /* timeFlowViewController.xib */,
				3B98DC1311FF2E76002D6B88 /* itemInputController.xib */,
				28AD733E0D9D9553002E5188 /* MainWindow.xib */,
				8D1107310486CEB800E47090 /* timeFlow-Info.plist */,
			);
			name = Resources;
			sourceTree = "<group>";
		};
		29B97323FDCFA39411CA2CEA /* Frameworks */ = {
			isa = PBXGroup;
			children = (
				3BBC9E3612085DC4003E4830 /* QuartzCore.framework */,
				1DF5F4DF0D08C38300B7A737 /* UIKit.framework */,
				1D30AB110D05D00D00671497 /* Foundation.framework */,
				288765A40DF7441C002DB57D /* CoreGraphics.framework */,
				3B7D938F11FE20C30064BABF /* CoreData.framework */,
			);
			name = Frameworks;
			sourceTree = "<group>";
		};
		3BB9BF9C12073E500082A194 /* NUBIC Models */ = {
			isa = PBXGroup;
			children = (
				3BF243CB11EFB24000016791 /* NUBICSelectableTimerButton.h */,
				3BF243CC11EFB24000016791 /* NUBICSelectableTimerButton.m */,
				3B112DE8120227C300478454 /* NUBICTimerBar.h */,
				3B112DE9120227C300478454 /* NUBICTimerBar.m */,
			);
			name = "NUBIC Models";
			path = ..;
			sourceTree = "<group>";
		};
		3BE4BBCF12089D6D0043A228 /* Timers */ = {
			isa = PBXGroup;
			children = (
				28D7ACF60DDB3853001CB0EB /* timeFlowViewController.h */,
				3B49CE6011ECF63E0041CE70 /* timeFlowViewController.m */,
			);
			name = Timers;
			sourceTree = "<group>";
		};
		3BE4BBD012089D7C0043A228 /* Setup */ = {
			isa = PBXGroup;
			children = (
				3B7D936A11FE1F590064BABF /* setupRootViewController.h */,
				3B7D936B11FE1F590064BABF /* setupRootViewController.m */,
				3B564A171200696F00ABF53F /* setupDetailViewController.h */,
				3B564A181200696F00ABF53F /* setupDetailViewController.m */,
				3B98DC1111FF2E76002D6B88 /* itemInputController.h */,
				3B98DC1211FF2E76002D6B88 /* itemInputController.m */,
			);
			name = Setup;
			sourceTree = "<group>";
		};
		3BE4BBDB12089D930043A228 /* Log */ = {
			isa = PBXGroup;
			children = (
				3BB9C0971207760A0082A194 /* LogViewController.h */,
				3BB9C0981207760A0082A194 /* LogViewController.m */,
			);
			name = Log;
			sourceTree = "<group>";
		};
/* End PBXGroup section */

/* Begin PBXNativeTarget section */
		1D6058900D05DD3D006BFB54 /* timeFlow */ = {
			isa = PBXNativeTarget;
			buildConfigurationList = 1D6058960D05DD3E006BFB54 /* Build configuration list for PBXNativeTarget "timeFlow" */;
			buildPhases = (
				1D60588D0D05DD3D006BFB54 /* Resources */,
				1D60588E0D05DD3D006BFB54 /* Sources */,
				1D60588F0D05DD3D006BFB54 /* Frameworks */,
			);
			buildRules = (
			);
			dependencies = (
			);
			name = timeFlow;
			productName = timeFlow;
			productReference = 1D6058910D05DD3D006BFB54 /* timeFlow.app */;
			productType = "com.apple.product-type.application";
		};
/* End PBXNativeTarget section */

/* Begin PBXProject section */
		29B97313FDCFA39411CA2CEA /* Project object */ = {
			isa = PBXProject;
			attributes = {
				ORGANIZATIONNAME = NUBIC;
			};
			buildConfigurationList = C01FCF4E08A954540054247B /* Build configuration list for PBXProject "timeFlow" */;
			compatibilityVersion = "Xcode 3.1";
			hasScannedForEncodings = 1;
			mainGroup = 29B97314FDCFA39411CA2CEA /* CustomTemplate */;
			projectDirPath = "";
			projectRoot = "";
			targets = (
				1D6058900D05DD3D006BFB54 /* timeFlow */,
			);
		};
/* End PBXProject section */

/* Begin PBXResourcesBuildPhase section */
		1D60588D0D05DD3D006BFB54 /* Resources */ = {
			isa = PBXResourcesBuildPhase;
			buildActionMask = 2147483647;
			files = (
				28AD733F0D9D9553002E5188 /* MainWindow.xib in Resources */,
				2899E5220DE3E06400AC0155 /* timeFlowViewController.xib in Resources */,
				3BF2436511EF76F300016791 /* blueBlackSegment.png in Resources */,
				3BF2436611EF76F300016791 /* grayBlackSegment.png in Resources */,
				3B98DC1511FF2E76002D6B88 /* itemInputController.xib in Resources */,
				3B564CB31200D9F800ABF53F /* timer.png in Resources */,
				3B564CDE1200DFDF00ABF53F /* gear.png in Resources */,
				3B564CE51200E04700ABF53F /* Icon-72.png in Resources */,
				3BE4BBAA12089BCA0043A228 /* log.png in Resources */,
			);
			runOnlyForDeploymentPostprocessing = 0;
		};
/* End PBXResourcesBuildPhase section */

/* Begin PBXSourcesBuildPhase section */
		1D60588E0D05DD3D006BFB54 /* Sources */ = {
			isa = PBXSourcesBuildPhase;
			buildActionMask = 2147483647;
			files = (
				1D60589B0D05DD56006BFB54 /* main.m in Sources */,
				1D3623260D0F684500981E51 /* timeFlowAppDelegate.m in Sources */,
				3B49CE6111ECF63E0041CE70 /* timeFlowViewController.m in Sources */,
				3BF243CD11EFB24000016791 /* NUBICSelectableTimerButton.m in Sources */,
				3B7D936C11FE1F590064BABF /* setupRootViewController.m in Sources */,
				3B7D93CC11FE233B0064BABF /* coredataproject.xcdatamodeld in Sources */,
				3B98DC1411FF2E76002D6B88 /* itemInputController.m in Sources */,
				3B564A1A1200696F00ABF53F /* setupDetailViewController.m in Sources */,
				3B112DEA120227C300478454 /* NUBICTimerBar.m in Sources */,
				3BB9C0991207760A0082A194 /* LogViewController.m in Sources */,
				3B91F49A120B14B900C1A066 /* v1-v2.xcmappingmodel in Sources */,
			);
			runOnlyForDeploymentPostprocessing = 0;
		};
/* End PBXSourcesBuildPhase section */

/* Begin XCBuildConfiguration section */
		1D6058940D05DD3E006BFB54 /* Debug */ = {
			isa = XCBuildConfiguration;
			buildSettings = {
				ALWAYS_SEARCH_USER_PATHS = NO;
				COPY_PHASE_STRIP = NO;
				GCC_DYNAMIC_NO_PIC = NO;
				GCC_OPTIMIZATION_LEVEL = 0;
				GCC_PRECOMPILE_PREFIX_HEADER = YES;
				GCC_PREFIX_HEADER = timeFlow_Prefix.pch;
				INFOPLIST_FILE = "timeFlow-Info.plist";
				PRODUCT_NAME = timeFlow;
			};
			name = Debug;
		};
		1D6058950D05DD3E006BFB54 /* Release */ = {
			isa = XCBuildConfiguration;
			buildSettings = {
				ALWAYS_SEARCH_USER_PATHS = NO;
				COPY_PHASE_STRIP = YES;
				GCC_PRECOMPILE_PREFIX_HEADER = YES;
				GCC_PREFIX_HEADER = timeFlow_Prefix.pch;
				INFOPLIST_FILE = "timeFlow-Info.plist";
				PRODUCT_NAME = timeFlow;
				VALIDATE_PRODUCT = YES;
			};
			name = Release;
		};
		C01FCF4F08A954540054247B /* Debug */ = {
			isa = XCBuildConfiguration;
			buildSettings = {
				ARCHS = "$(ARCHS_UNIVERSAL_IPHONE_OS)";
				"CODE_SIGN_IDENTITY[sdk=iphoneos*]" = "iPhone Developer";
				GCC_C_LANGUAGE_STANDARD = c99;
				GCC_WARN_ABOUT_RETURN_TYPE = YES;
				GCC_WARN_UNUSED_VARIABLE = YES;
				PREBINDING = NO;
				SDKROOT = iphoneos3.2;
				TARGETED_DEVICE_FAMILY = 2;
			};
			name = Debug;
		};
		C01FCF5008A954540054247B /* Release */ = {
			isa = XCBuildConfiguration;
			buildSettings = {
				ARCHS = "$(ARCHS_UNIVERSAL_IPHONE_OS)";
				"CODE_SIGN_IDENTITY[sdk=iphoneos*]" = "iPhone Developer";
				GCC_C_LANGUAGE_STANDARD = c99;
				GCC_WARN_ABOUT_RETURN_TYPE = YES;
				GCC_WARN_UNUSED_VARIABLE = YES;
				OTHER_CFLAGS = "-DNS_BLOCK_ASSERTIONS=1";
				PREBINDING = NO;
				SDKROOT = iphoneos3.2;
				TARGETED_DEVICE_FAMILY = 2;
			};
			name = Release;
		};
/* End XCBuildConfiguration section */

/* Begin XCConfigurationList section */
		1D6058960D05DD3E006BFB54 /* Build configuration list for PBXNativeTarget "timeFlow" */ = {
			isa = XCConfigurationList;
			buildConfigurations = (
				1D6058940D05DD3E006BFB54 /* Debug */,
				1D6058950D05DD3E006BFB54 /* Release */,
			);
			defaultConfigurationIsVisible = 0;
			defaultConfigurationName = Release;
		};
		C01FCF4E08A954540054247B /* Build configuration list for PBXProject "timeFlow" */ = {
			isa = XCConfigurationList;
			buildConfigurations = (
				C01FCF4F08A954540054247B /* Debug */,
				C01FCF5008A954540054247B /* Release */,
			);
			defaultConfigurationIsVisible = 0;
			defaultConfigurationName = Release;
		};
/* End XCConfigurationList section */

/* Begin XCVersionGroup section */
		3B7D93CB11FE233B0064BABF /* coredataproject.xcdatamodeld */ = {
			isa = XCVersionGroup;
			children = (
				3B91F469120B139800C1A066 /* v1-v2.xcmappingmodel */,
				3B7D93C311FE22940064BABF /* coredataproject.xcdatamodel */,
				3B91F466120B135800C1A066 /* v2.coredataproject.xcdatamodel */,
			);
			currentVersion = 3B91F466120B135800C1A066 /* v2.coredataproject.xcdatamodel */;
			path = coredataproject.xcdatamodeld;
			sourceTree = "<group>";
			versionGroupType = wrapper.xcdatamodel;
		};
/* End XCVersionGroup section */
	};
	rootObject = 29B97313FDCFA39411CA2CEA /* Project object */;
}
